
Microsoft Visual Studio Solution File, Format Version 12.00
# Visual Studio Version 17
VisualStudioVersion = 17.14.36310.24 d17.14
MinimumVisualStudioVersion = 10.0.40219.1
Project("{FAE04EC0-301F-11D3-BF4B-00C04F79EFBC}") = "JobPortalApi", "JobPortalApi\JobPortalApi.csproj", "{510940BC-E0EE-482E-AEAB-3DC0D624BA11}"
EndProject
Global
	GlobalSection(SolutionConfigurationPlatforms) = preSolution
		Debug|Any CPU = Debug|Any CPU
		Release|Any CPU = Release|Any CPU
	EndGlobalSection
	GlobalSection(ProjectConfigurationPlatforms) = postSolution
		{510940BC-E0EE-482E-AEAB-3DC0D624BA11}.Debug|Any CPU.ActiveCfg = Debug|Any CPU
		{510940BC-E0EE-482E-AEAB-3DC0D624BA11}.Debug|Any CPU.Build.0 = Debug|Any CPU
		{510940BC-E0EE-482E-AEAB-3DC0D624BA11}.Release|Any CPU.ActiveCfg = Release|Any CPU
		{510940BC-E0EE-482E-AEAB-3DC0D624BA11}.Release|Any CPU.Build.0 = Release|Any CPU
	EndGlobalSection
	GlobalSection(SolutionProperties) = preSolution
		HideSolutionNode = FALSE
	EndGlobalSection
	GlobalSection(ExtensibilityGlobals) = postSolution
		SolutionGuid = {AD168E3B-6F46-469A-96C8-0412E14A7BA5}
	EndGlobalSection
EndGlobal
